Microsoft Visual Studio Solution File, Format Version 12.00
# Visual Studio Version 17
VisualStudioVersion = 17.5.2.0
MinimumVisualStudioVersion = 10.0.40219.1
Project("{2150E333-8FDC-42A3-9474-1A3956D46DE8}") = "telegram_vscode_bridge", "telegram_vscode_bridge", "{B8070039-81D6-3354-8B77-5409DB9E5EA6}"
EndProject
Project("{FAE04EC0-301F-11D3-BF4B-00C04F79EFBC}") = "MiniGameTelegramBridge", "telegram_vscode_bridge\MiniGameTelegramBridge.csproj", "{08673F93-380D-805C-5F69-B920E8FFA7EC}"
EndProject
Global
	GlobalSection(SolutionConfigurationPlatforms) = preSolution
		Debug|Any CPU = Debug|Any CPU
		Release|Any CPU = Release|Any CPU
	EndGlobalSection
	GlobalSection(ProjectConfigurationPlatforms) = postSolution
		{08673F93-380D-805C-5F69-B920E8FFA7EC}.Debug|Any CPU.ActiveCfg = Debug|Any CPU
		{08673F93-380D-805C-5F69-B920E8FFA7EC}.Debug|Any CPU.Build.0 = Debug|Any CPU
		{08673F93-380D-805C-5F69-B920E8FFA7EC}.Release|Any CPU.ActiveCfg = Release|Any CPU
		{08673F93-380D-805C-5F69-B920E8FFA7EC}.Release|Any CPU.Build.0 = Release|Any CPU
	EndGlobalSection
	GlobalSection(SolutionProperties) = preSolution
		HideSolutionNode = FALSE
	EndGlobalSection
	GlobalSection(NestedProjects) = preSolution
		{08673F93-380D-805C-5F69-B920E8FFA7EC} = {B8070039-81D6-3354-8B77-5409DB9E5EA6}
	EndGlobalSection
	GlobalSection(ExtensibilityGlobals) = postSolution
		SolutionGuid = {ADA3FF26-195B-43EB-B109-F34B22AFCF59}
	EndGlobalSection
EndGlobal
